
Microsoft Visual Studio Solution File, Format Version 12.00
# Visual Studio Version 17
VisualStudioVersion = 17.11.35219.272
MinimumVisualStudioVersion = 10.0.40219.1
Project("{9A19103F-16F7-4668-BE54-9A1E7A4F7556}") = "FactoryMethod", "FactoryMethod.csproj", "{CE9C2A90-1A36-40FA-B400-C9A10033B04D}"
EndProject
Global
	GlobalSection(SolutionConfigurationPlatforms) = preSolution
		Debug|Any CPU = Debug|Any CPU
		Release|Any CPU = Release|Any CPU
	EndGlobalSection
	GlobalSection(ProjectConfigurationPlatforms) = postSolution
		{CE9C2A90-1A36-40FA-B400-C9A10033B04D}.Debug|Any CPU.ActiveCfg = Debug|Any CPU
		{CE9C2A90-1A36-40FA-B400-C9A10033B04D}.Debug|Any CPU.Build.0 = Debug|Any CPU
		{CE9C2A90-1A36-40FA-B400-C9A10033B04D}.Release|Any CPU.ActiveCfg = Release|Any CPU
		{CE9C2A90-1A36-40FA-B400-C9A10033B04D}.Release|Any CPU.Build.0 = Release|Any CPU
	EndGlobalSection
	GlobalSection(SolutionProperties) = preSolution
		HideSolutionNode = FALSE
	EndGlobalSection
	GlobalSection(ExtensibilityGlobals) = postSolution
		SolutionGuid = {E681FD99-0287-45D1-A439-9E84AF38AAB0}
	EndGlobalSection
EndGlobal
